# filename sha256(trim(file_content))
001_init.sql 9ba0369779484625edcea7a7d1d4582397e31546db9149b05004990a3f16c630
002_account_type_migration.sql aad3816e44f58ff007ea4df8092aae580f3f85180314c1deb1b1054b20892bbf
003_subscription.sql 4642fcb1ccd7954b1d3eef8f795cfba2ce21431257346cc5a7568cde61a60b13
004_add_redeem_code_notes.sql fb171d084795906ce8e388eec34133dfa256e1ecb1621083f12aa47c6368bfd8
005_schema_parity.sql 2ae9e9ff98adb2a684aeb4d839be7ee00e7a26af167460f886133ac55361b5bf
006_add_users_allowed_groups_compat.sql 900f5ba934e8d66bba7d94f1d34463a9022e0e72c3ce911260d7c703449a33ae
006_fix_invalid_subscription_expires_at.sql ed5d6553a86578d987088331bc8810808b75e554a160b66ff4626815ea838354
006b_guard_users_allowed_groups.sql 6953b71b92d0ed2f035137fdc4e4fb6cc056861b22e28c5612950c08cedf564e
007_add_user_allowed_groups.sql 76694d87e70be4fa9d9f27cd308717685a426d9a64ded36a5a9517956ebec972
008_seed_default_group.sql f4bd452fb097a509120399b6121abb17d1a212330185b40f1e5ec69c6e16954a
009_fix_usage_logs_cache_columns.sql 9a3c22b296ea5a628eb8b35b34318f035b9ac177dfc7d1db26b0901dcd98bafb
010_add_usage_logs_aggregated_indexes.sql 3537ff30a25b71c93458f77e08ce5b60355e0a3068bfd49e2d9bdb6e6deee027
011_remove_duplicate_unique_indexes.sql ae4c6f5bab86f399ad812b7ffc927402c0a8decef85bf7c3d7a8877863ba520e
012_add_user_subscription_soft_delete.sql 5c829927c7f882fbe0258239c3673f865b03dfc3ee274674d7a2cedb06deaf24
013_log_orphan_allowed_groups.sql 4f2d8e9078f02de763977963f711ed2e82587b9ac72947c1b8019594b49d6dd8
014_drop_legacy_allowed_groups.sql b63fc37ba6a6ffdcb50e082250be5f34f40632597d568bb97247c607198befcc
015_fix_settings_unique_constraint.sql b6f7f2244cb66fa5a5b088a1f40d2694b95e23fce971bc2562bcbe306efe48d3
016_soft_delete_partial_unique_indexes.sql 213c9358247ca0072d9c6a441eb7e1df9513e7e8040e6ca4f0d616c319f588ba
018_user_attributes.sql af99c63b62dcd029b52b2693281e0dea4dfc751dadefd4cbbc894359f2cc8014
019_migrate_wechat_to_attributes.sql d45e05b4bb722b287377790583c2677b8666dbf7e02b626c93468491d4ce8cf8
020_add_temp_unschedulable.sql 0ffee69180cdb20aba0116dc2c20da781bbe9bd2418d41f30880bbf12f51efbe
024_add_gemini_tier_id.sql b54de1b9a4423224f7aef5e644d1af115214d58dd61befd3c25db3e709b9163a
026_ops_metrics_aggregation_tables.sql cff5e8fe80d8f8fd94cf6d9f2b01065f9b3ebdff8a99f941b927d530a418ba62
027_usage_billing_consistency.sql 68df49831cadfb2c5d1f8e24b8b36068be454cca9fdf6df1141593ee20c98dd8
028_add_account_notes.sql 8d52c15e184ffe112185eeaea5bad35afe3761dfb7cc9e9b1644445134420300
028_add_usage_logs_user_agent.sql 024d6dd42321b3c0f35cf8e15766e1dda993c08c1d69878e8888d6cb4bccde2d
028_group_image_pricing.sql e1276ed19c083a32eb62272abc9a9640e3aca1dc0cee8fc661de873959421d80
029_add_group_claude_code_restriction.sql f0c5bb461d29a64410ed05a3f2dd478cf42deddbf1013e23f9468c573455f1be
029_usage_log_image_fields.sql ce14c36d169e6d6d070069d11f35a8622298436c204a54a0ae580f0e63396a4f
030_add_account_expires_at.sql d6ea81863b7d7031426009ed081ce76b14325664aa1782dd496a527ca0dab85b
031_add_ip_address.sql c9ce8db0e582b1a844e8529bb0cf3bd6ccf5bf6fa0949bb4955a963801a97da0
032_add_api_key_ip_restriction.sql e0f084b7533d53faee48f122a04ef3988625e61c6356448a07085236d8c96122
033_add_promo_codes.sql 913c0f2a90943c51aa0134cf7f4339dfdafad8b5e14738159a1841f14b4f8ff9
033_ops_monitoring_vnext.sql accf363544d187aecad4f1c68fe34118f86d1a931465e66490c530d3f3f1106d
034_ops_upstream_error_events.sql 1b2e69d10195f0264b034873e0a9d96bb946072886aad9f63307c08808689a56
034_usage_dashboard_aggregation_tables.sql 20bf67f62858c3c292c66ea667e9ac7d5c7b645077e6413a03700be1b480d962
035_usage_logs_partitioning.sql 91a02804ee4292e1dc33cda28335725b1011236bb19f577d2c8e6b4bcbffd3ba
036_ops_error_logs_add_is_count_tokens.sql ed9ee240c43ef259f18a7ca440d73f285988d2aa57af229e0b69344f11af3bf4
036_scheduler_outbox.sql e88635e14a2b9f04041495890c3d98125bae119ecf3936c070d82e017ee2a4c0
037_add_account_rate_multiplier.sql e8a2bea65eac919a323738098402bb6ea53720cbe1111a6cec823d2d36ebfd20
037_ops_alert_silences.sql 72143a1ce3528ebc47472759c59011ec6993b25a3f22d50485538710047438c6
038_ops_errors_resolution_retry_results_and_standardize_classification.sql 4cc121d97c7f59e9def9397b7d0314d4dfbfe4cd831698359456dd49bf995ece
039_ops_job_heartbeats_add_last_result.sql 5dad52cd5a61ad98029ba2de4ea3903cbc9c40a43731dd8a3f8a8129277ec47b
040_add_group_model_routing.sql fb8727cfea19997101646457a3c31c3efc647e3cb2b8a0e04d06a24c3a608862
041_add_model_routing_enabled.sql 5cee91bdfc5afe4815dba6b127755a76d33ab55a93419c5b51e57d8dfd9cba3a
042_add_usage_cleanup_tasks.sql 19788b90712c08865c65ae4a4615a1b6d148eb915bbf74297363257f945163c8
042b_add_ops_system_metrics_switch_count.sql ee5428fb36a497799cb92ceffbbdc8e257a6e0c27aaae072152cac9bbc4d7dd8
043_add_usage_cleanup_cancel_audit.sql 4d3a22daea84e74d902ee1a6cec44e8985372e127c085a7dec2e30a922241585
043b_add_group_invalid_request_fallback.sql 7667812b71f86bb010afd0807c709c2415ca585d08995967982def2b35b46b9d
044_add_user_totp.sql 744b989d9a852d3e5871149f5ae83494ed84ac00861c6f40494506c63195cb74
044b_add_group_mcp_xml_inject.sql 944e8ed8950dc9c2cf95ee62bcf342ea2e15a771895b43da87efec85db921c31
045_add_accounts_extra_index.sql c8e0948f88871aa79af0de0898d3aa6e14106e7a31b1fc6ae61bda57ebd1f7a4
045_add_announcements.sql 6b2df139a5004bdfd2ea9d6fc39d28eec973340ba045472fb399856f49b46f99
045_add_api_key_quota.sql d0602924f128c5bbf468924f5ec990f87cd7636619bf9b52b17bb015abf37d55
046_add_sora_accounts.sql b86a3243f965c569a97d96f5203853744e088f3c2b024ae243203ff96df8ceeb
046_add_usage_log_reasoning_effort.sql 88b1408cab98801d90c717efb8002a5f5a75a509f424df0fc16d36100a1592e3
046b_add_group_supported_model_scopes.sql 5fa393ae8645c6cb7c019bc2f2e14f4b588e88719f56af4bde6160d37186fd2b
047_add_sora_pricing_and_media_type.sql d806f44a7dd70b8a2f7abadcb5cc8bf75679db242dacab9c8a69886bc17ed10a
047_add_user_group_rate_multipliers.sql b866ed6d784e7b43f48d6b8e5b138c8b040354ff2fc2be4569fa810b779e9c16
048_add_error_passthrough_rules.sql f86707582e0dab5f2f1e7f9abc8f0be7ebe36e1544e4a559be808d8b5712db3f
049_unify_antigravity_model_mapping.sql e27c5615388f95c3d638a572f33a570e9a0f89efaae2f88cafdd3a169cb64f56
050_map_opus46_to_opus45.sql dd4b8b866fdbaa5dc2ce0750be69faa65a7368fef1e937e3ab923bc35d5d5bd5
051_migrate_opus45_to_opus46_thinking.sql 17896dac51029a101369bbe80a7c76f2a82838d890e2248d38f38462a931acd2
052_add_group_sort_order.sql f49cc4729d382b30f1477a2423d0072e9b0203128b1dd01c7c6ac6ee4c050faa
052_migrate_upstream_to_apikey.sql d2ea657ec24995664a8ddc1bfb9c3fe317646c7bcd12517dee8478bc6c36244a
053_add_security_secrets.sql 9a17a5c2d98eea3656d36e7eb6c5238e839a40bf06a6fb599013bfbace8e0b46
053_add_skip_monitoring_to_error_passthrough.sql 70dceedd55b14bbca64d760ebdd857481b6d6c34367d308ca8a4f86b0374ed1e
054_drop_legacy_cache_columns.sql 82de761156e03876653e7a6a4eee883cd927847036f779b0b9f34c42a8af7a7d
054_ops_system_logs.sql a47aa0fdab66ba60ac57bf127254e86060bfe681735559751fec2386b6c36541
055_add_cache_ttl_overridden.sql 3d05c9ffe4aaffec1cb7e482bc45fc5e63986b856548956795b33421280329a0
056_add_api_key_last_used_at.sql e3f815389414fd17e3c42db46e6ade842ffea87077965f2076356f4ee8f30bc2
057_add_idempotency_records.sql 879aa2f0803121671ca75525c861aac6711ee52ac2e5e69967ce8a872754819e
058_add_sonnet46_to_model_mapping.sql b417bcfe71f6f60837d35bfff3ac3089300ea18c3d577a00f81d4861aa889c03
059_add_gemini31_pro_to_model_mapping.sql 04e541c4600ccf3e54afae9506bb17db3335e02c0942958c120717147337e20f
060_add_gemini31_flash_image_to_model_mapping.sql e3b801643e696eec44c6d69b95bac268ef16f1e2bd4aa7953b2b7ba19c3c7358
060_add_usage_log_openai_ws_mode.sql 60338e18704514a456f2c85e1c08e48471aa7229567bfdbcc90a33a897c1ab66
061_add_usage_log_request_type.sql 66207e7aa5dd0429c2e2c0fabdaf79783ff157fa0af2e81adff2ee03790ec65c
062_add_scheduler_and_usage_composite_indexes_notx.sql 10f404d291d8328d9871f8441796dcb2c5be6de86933d2f9d0238f48a0a611cb
063_add_sora_client_tables.sql 23a5777e8c38f269f8777e959af33db063891a8ba19eae0a96ee9c22e6b10103
064_add_api_key_rate_limits.sql 5dbc91ab545c7a190532b57490241f143112c74b064ea37ee3bf3c8aff2e5e49
065_add_search_trgm_indexes.sql 7d86ccf0b2e47c0146f688933bef6b015043a38dec1cb6b4b42b2290e7cf4d8b
066_add_scheduled_test_tables.sql a316e86876a29399306b5bf562a0799ebb1150bfd2bdd2b16471b6248e2940d4
067_add_account_load_factor.sql d632f3af1813169757f79e2d11b7cf36aff90cfb94494fff01ad8168d2c0af25
068_add_announcement_notify_mode.sql 04790bc2b16579c419c13285d553a6a63b90e2eb8f6b7222763b672cdb64cda6
069_add_group_messages_dispatch.sql c6d35422f140f97f5427f756eae929b243e3cbb362252806f179fbb7519b107f
070_add_scheduled_test_auto_recover.sql 1541e616629bfeb425972e6f0fd42fd9fea02e17268e49b87658ca70ff28db5f
070_add_usage_log_service_tier.sql 0d5fdeb0af615345b56cb3a5eaf88cb06bc90a51ba7a1f9f7646afd75ef61ce5
071_add_gemini25_flash_image_to_model_mapping.sql 190436d16d8c3474c3967cf97425cde5b6ed22464f32cd3c4dfb4702138d4f4a
071_add_usage_billing_dedup.sql f4d5e56a3ad76351e5b8203604e6db266341c3471442c75fc95c14d4ecc71b6e
072_add_usage_billing_dedup_created_at_brin_notx.sql 852071e0141f4d62a494952b34cd66df10d1c30b1d2041f9bc3cf194980e762b
073_add_usage_billing_dedup_archive.sql 45510d82c7f8b57c041938d6d446175618981d6e7381c91893f799bed622564d
074_add_usage_log_endpoints.sql f262f4a73e845b5386d2f5fcaa0c85aed969ee7f2cbbd33e7a6d19ce259c51a3
075_add_usage_log_upstream_model.sql 127452235cfd5e9cf9d684918373c77a25282754953ecb21bcdcd1292709fc2a
075_map_haiku45_to_sonnet46.sql 11e14b074ef0bd49f1a9833bb9e770e7a62aa5e73bfa25c6be44b3cb16fb42a0
076_add_usage_log_upstream_model_index_notx.sql 4c4fdb7c522eba61337e3ea7ec4c991b62bbd12da3bd4b88149dcc84aa6f9050
077_add_usage_log_requested_model.sql 4ba95774acae88d66f54b0a5749e25c9e1dbaee523868f41e1dea1d226a4c089
078_add_usage_log_requested_model_index_notx.sql 0aea5dbb49e704f1a7ec82fe38ad0c5743cb55f85f8eda90610b48e7f03564d9
079_ops_error_logs_add_endpoint_fields.sql 551af172229cfbfb136558bbef02c2e1eb5443195806450b04961674afe9807d
080_create_tls_fingerprint_profiles.sql 0f22bd835ebae76401f8c41a96b5fc83f6b86bf12a07be3ee1ab5a8c494e9b3f
081_add_group_account_filter.sql 8b347ceeb08e327fc8db16e20ff06bc558812d1e5938f63b117d3703196e654e
081_create_channels.sql b16b8db56880686c3f7a69d900273fa31df15dc429ff6c3d722fe987a16ceb3a
082_create_endpoint_probe_tables.sql 9774d5d36b5dd5c346bb3315ad9a9d46255e93fcc3169c7f7c86b6fa686032db
082_refactor_channel_pricing.sql fbcbe96f9db9a2c75cdc4fa13bc1e086fbdbbbb001bea8f0f5da2fdda494f9f7
083_channel_model_mapping.sql bd6bf4d2d5bdadcdfee23178613f659f74432d3a611a2299b9397bc355677359
084_channel_billing_model_source.sql fd7a0dd5a51c82c8831d6a7b799584968d42bc4a11ad7fa76889e514764d3140
085_channel_restrict_and_per_request_price.sql 17bd1b3995f6b84d6bebe301f26f351f8a6358ff69ee333c3ca8d7ef939782e1
086_channel_platform_pricing.sql f646613843c4453e91e065a21842f84f7d4a244d710c47ec703649f0ba48560b
087_usage_log_billing_mode.sql 8c1cee4ce04027cb5d5ae46721d3adfd147f1e180333ddd1ee2e868458edb28c
088_channel_billing_model_source_channel_mapped.sql e604cf3293612b2916f089c23392641fb6c4aac1d803d4d613a3ae410bc83606
089_usage_log_image_output_tokens.sql 8ea075a203089518906a6765972d53456644682be8b1bed12baa48efa12f57d5
090_drop_sora.sql 5326d418f2ccc10ce8f4c8766ae490eccbc96c29ba76ea5807635985bbfb877c
091_add_group_messages_dispatch_model_config.sql 82d6f70e6312df49a9fa24aee6035a3fe52c65e81a7d55be015bb165ba04ead3
092_payment_orders.sql 798710c7f324021cbc913fe7edf0cde786c6832c89c16b66b55691ab09d8fb24
093_payment_audit_logs.sql f1817214462dbca5f8a101728cba5c9c141da167ab25b1d582eb7d725aa6f9c3
094_removed_payment_channels.sql 8655cbb69835beac545e4b98d17498f1b1215fcd14f9c7e6b80f789ea8515db1
095_channel_features.sql c69270d28e3f52097cbdeab7d7eedb8b1a38b2a2158e333b03a0b2c47a1363aa
095_subscription_plans.sql b81539b3bc5d4585d2e854329c60b23d020744db8c9bf6392dc43550a2924f24
096_payment_provider_instances.sql bbbeb7105344ff93a717054dc3d2cfbadf21f8a17034f232e3cf68a523cd3543
097_fix_settings_updated_at_default.sql 5a6a64527ba6462ff76dda842d4be281b2d54192a88fbcf7324883af1fcffe37
098_migrate_purchase_subscription_to_custom_menu.sql da103effd6affebe41a27af457983eadf0e610d73294984e223dbba68ffdbd04
099_fix_migrated_purchase_menu_label_icon.sql ac356a570eb884de9ec6c016e21b3d9d7cbceb2596abe7ff2bb2afc18cfaa6cb
100_remove_easypay_from_enabled_payment_types.sql 9d8fb482beab73a952d689def49670be834788d53b5bb274dd33ad70f128d8d7
101_add_account_stats_pricing.sql a442674cb9b22aacf1879995d23c73792cfb1bd0fb1d0d04f396cda2880d4cc2
101_add_balance_notify_fields.sql 35b7939ce304df21f7a6d596f1ad9ff84ab427dac710ea58e1260e6efec7ba1a
101_add_channel_features_config.sql cbc95ac8fbb88c5de22e45f72c9c5113ac0109dcc810687ca84ceff42c16e801
101_add_payment_mode.sql 3f7ff2671954f5af21dda2bf499bd12eb6a1214b80c065a89927a85d72ca4426
102_add_balance_notify_threshold_type.sql d1bb182c71a66bd1e54481806b6a459ac3a2654353e7aef3ded9774779d1bdd1
102_add_out_trade_no_to_payment_orders.sql 1197c42b7f80e50f3c3b8eaf0cd9ec297d3c1e3cb54596f2d09e038ec2514465
103_add_allow_user_refund.sql 87d67f99c67e4bd02123082477dd499744582c5df2be6cc9bdc5a5884a2f226c
104_migrate_notify_emails_to_struct.sql 07a7875e44d38a9379a5294486af875beea80961fd9aaacb442dc6abb15e8a72
105_migrate_websearch_emulation_to_tristate.sql e214ccd7d795fca6c04e7e198967b2c758fa08b03fdead33ed10723dd8408728
106_add_account_stats_pricing_intervals.sql da7b6b4bd0e3350e3088e9e4ff0ab9e8b82c81b7527c6e1237aa7a299045ebc2
107_add_account_cost_to_dashboard_tables.sql 8742f876b999808fc9f478fd2db06037b26d9ab74b10e872517211ee7805d663
108_auth_identity_foundation_core.sql 370c796b9b24e4617870698c9f2d9d782b22ac45fc6b7612957247daf60c8c5f
108a_widen_auth_identity_migration_report_type.sql 87646a866b17a329b01abb241b99e3874ee2c13c7d7bba3f6e37c53722a60e18
109_auth_identity_compat_backfill.sql 2b380305e73ff0c13aa8c811e45897f2b36ca4a438f7b3e8f98e19ecb6bae0b3
110_pending_auth_and_provider_default_grants.sql 57a196a9810fb478fa001dfff110f5c76a7d87fb04f15e12e513fcb75402d7a6
111_payment_routing_and_scheduler_flags.sql c90a03f04806894ea79e7a999fea15cfe97181866fb2ff92bd1e3c719bef956f
112_add_payment_order_provider_key_snapshot.sql ab871fc02da1eabe0de6ca74a119ee3cea9c727caed30af2ae07a0cd1176d1b8
113_normalize_legacy_wechat_provider_key.sql d22834c8e77127e2d14b988b5618b9e90b8cc20c5cb44a96dd0c0a504bc6a2ab
114_auth_identity_migration_report_resolution.sql 264c6d1caceec74cdfa31c0e891bf9f836bf599e305b85e89d62128dbcd5445a
115_auth_identity_legacy_external_backfill.sql 022aadd97bb53e755f0cf7a3a957e0cb1a1353b0c39ec4de3234acd2871fd04f
116_auth_identity_legacy_external_safety_reports.sql 07edb09fa8d04ffb172b0621e3c22f4d1757d20a24ae267b3b36b087ab72d488
117_add_payment_order_provider_snapshot.sql 44bbed8bd7d8fe3ba95480b7a79c80a844d15ecf796aad9ea9adaea9e83727a2
118_wechat_dual_mode_and_auth_source_defaults.sql ed272e0840730b6b8e7838513c4cc8817e8b5e488e27c88b5421adbece5e89c9
119_enforce_payment_orders_out_trade_no_unique.sql 0bbe809ae48a9d811dabda1ba1c74955bd71c4a9cc610f9128816818dfa6c11e
120_enforce_payment_orders_out_trade_no_unique_notx.sql 34aadc0db59a4e390f92a12b73bd74642d9724f33124f73638ae00089ea5e074
120a_align_payment_orders_out_trade_no_index_name.sql d593328889933b1732c2167e1da8fbbc22582fab7b210bc8b5bad10853423804
121_auth_identity_migration_report_type_widen.sql 4f95fb11a3f44b6cbedf72b5b6bbbdfb6c92147de1b4aa23dea2a1df2ab02603
122_pending_auth_completion_token_cleanup.sql 25ef9751a95c3c7be99f209bee51dc7ece56366e427f46ad1d8ae066f4e0124e
123_fix_legacy_auth_source_grant_on_signup_defaults.sql 7faba5ef65051b7ecb215b7fd2351b0828b7c48153ec688ac089c1588d2cde41
124_backfill_legacy_oidc_security_flags.sql 1133834c60d6232506b0bd6a519dcae1a0568cc9fc6a081dbda7bb8f6987835c
125_add_channel_monitors.sql d49e8d1024ee1912ead12487d997a146943c6da86400f2fa443bb16eb01aac59
125_add_group_rpm_limit.sql f77d3eed98860f8ebd4772a909441736e88e572352c0e6b137fa9c1860bd9d52
126_add_channel_monitor_aggregation.sql a631f4adc0fe0b9f4665805fe3d708942cf18e30e74a3061073cc86febfd3f69
126_add_user_rpm_limit.sql 9b70af1aace9a0834a90b3423df0cac2fe6a561d25394d59a03679bd2259ec61
127_add_user_group_rpm_override.sql 591e97c2e960d8f4e197c710d6033654659536504f0e214abd8559c2677673e4
127_drop_channel_monitor_deleted_at.sql ac7decb355555a711a372e1ed0d7f1559af41cd796e4be1736f4f978f5f88735
128_add_channel_monitor_request_templates.sql af3cc2e5394bb720e647b08930f16d93c8f7818779aef39e283636baeffb0527
129_seed_claude_code_template.sql 10324a1f1c176a5ab6bc24ac01eee8563f66ffabf4c013b8e4e023caf9f26328
130_add_user_affiliates.sql b4a2425b182b261d55a9f3c2c7f5d574a0d3129b0a79b2d325c1618446d72ea3
131_affiliate_rebate_hardening.sql 706c8102d96d0a10f2e2a23156a8cd8b414a241591fd65ab3e26425b2a54fe29
132_affiliate_custom_settings.sql 49eb9990877096cdffa640cac8e1df2982952964166a0f8a02b327012c1e3e64
133_affiliate_rebate_freeze.sql bd6c9733923cf7219b1b758353e315039594180b31fedf897473d479f5ac1c2e
134_affiliate_ledger_audit_snapshots.sql 80fb2e9033d58cc611412c97301e0c66a86a8bfcd178abfe7877b93519cd2d8a
134_image_generation_group_controls.sql 8a8bc4ad03b36bf001290c674a790597cf399ff79c7be298d6bb8071a66d8cf8
135_allow_email_oauth_provider_types.sql e5e3512fd7ff6e9225414bf79425fd8ddbf6d78a66998142bfb2441f8e7e4708
135_content_moderation.sql f9545c941580e8cad2b6b5ca4c6522bf1a6335b5a5a04bdc2b143678b289df67
136_add_dingtalk_provider_type.sql 72b6005ff64cddd845615e249d95858010dd6d3bd7a1d24b3e9a32eb03b76eb8
136_remove_ops_retry_replay.sql 08d6ff6a5ad1d2d4d16f9cdd4c5259cc7984b7363e46a91e32c12d56c8ec4f90
136_usage_log_image_size_metadata.sql 093f725651296f3e0914dbf3cb8d563c5304e023a03b1e42357c1b96570468f2
137_redeem_code_expires_at.sql e5211487d1828291db86b95ae353da0f246f6d8c9196b776b47a1d9bb1b9fdcf
138_channel_monitor_openai_api_mode.sql c638565f7152860a20774cfbe3577ee9c3433b65b5d81005c289af243bc51a84
139_seed_openai_monitor_templates.sql e844d46972b9c263abd7977f4f862065c8e783835f33abc7328486dcbb5e9d17
140_extend_user_provider_default_grants_check.sql 6dc603ebee5a42ff53d9f4c69eda12075a08c2fa1c33271157effc6e11de2d83
141_subscription_expiry_notify_enabled.sql 86c3d5318bfa70db158a74e2e5ae0dfc65ae5cf7c1b6bb7824e24eac29de0234
144_add_opus48_to_model_mapping.sql 15c7ed5f440bebc495618cde74a24710a9c68c99a61561e9087f52b0475d5d2f
150_account_group_scheduler_indexes_notx.sql 08e0bc5840e17a8f812646b04ca2578ce20884e0458b9dfaa5eb14ce845bc7c3
151_account_autopause_expiry_index_notx.sql fc788b8fd4d0542d183bdcf9d7d9b7d5b87c6f972138e126590a57657a0c3cfb
152_scheduler_outbox_dedup_key.sql 1a5a86bc3c986483ab286bd617ca69f1e80547bf7d7a7122fdbcded0fd7f68dd
153_scheduler_outbox_pending_dedup_key_index_notx.sql 531f5c5c7f91d08d9881e1a5b9a275a090ee9924a731d1c4113df3f19454117e
